# This file is automatically @generated by Cargo.
# It is not intended for manual editing.
version = 4

[[package]]
name = "common"
version = "0.1.0"

[[package]]
name = "component1"
version = "0.1.0"
dependencies = [
 "common",
]

[[package]]
name = "component2"
version = "0.1.0"
dependencies = [
 "common",
]

[[package]]
name = "runner"
version = "0.1.0"
dependencies = [
 "common",
 "component1",
 "component2",
]
